PODS:
  - amazon_s3_cognito (0.3.0):
    - AWSCognito
    - AWSCore
    - AWSS3
    - Flutter
  - AWSCognito (2.12.2):
    - AWSCore (= 2.12.2)
  - AWSCore (2.12.2)
  - AWSS3 (2.12.2):
    - AWSCore (= 2.12.2)
  - Flutter (2.5)

DEPENDENCIES:
  - amazon_s3_cognito (from `.symlinks/plugins/amazon_s3_cognito/ios`)

SPEC REPOS:
  https://github.com/CocoaPods/Specs.git:
    - AWSCore
    - AWSS3
  trunk:
    - AWSCognito
    - Flutter

EXTERNAL SOURCES:
  amazon_s3_cognito:
    :path: ".symlinks/plugins/amazon_s3_cognito/ios"

SPEC CHECKSUMS:
  amazon_s3_cognito: aa032542606f3bf7a8a9b004da1d5cb747138507
  AWSCognito: 2f8c365d5089de54245d7d971749682c1126e381
  AWSCore: bdc0933bcb1aca4a9af3352a9e6ec75b339faf71
  AWSS3: 3ab1e1b25d3522d7745efd2a57a98a86d7524bd5
  Flutter: 4e094eefe76d76f60537272587a6eb1abcf12d09

PODFILE CHECKSUM: b6a0a141693093b304368d08511b46cf3d1d0ac5

COCOAPODS: 1.10.1
